// !$*UTF8*$!
{
	archiveVersion = 1;
	classes = {
	};
	objectVersion = 55;
	objects = {

/* Begin PBXBuildFile section */
		FD244FEC28D17C1800D5C593 /* MountainDataService.swift in Sources */ = {isa = PBXBuildFile; fileRef = FD244FEB28D17C1800D5C593 /* MountainDataService.swift */; };
		FD244FEE28D17C7F00D5C593 /* LocationsViewModel.swift in Sources */ = {isa = PBXBuildFile; fileRef = FD244FED28D17C7F00D5C593 /* LocationsViewModel.swift */; };
		FD244FF228D18FE400D5C593 /* mountainData.json in Resources */ = {isa = PBXBuildFile; fileRef = FD244FF128D18FE400D5C593 /* mountainData.json */; };
		FD244FF828D1A8E300D5C593 /* LocationView.swift in Sources */ = {isa = PBXBuildFile; fileRef = FD244FF728D1A8E300D5C593 /* LocationView.swift */; };
		FD244FFA28D1A8FA00D5C593 /* LocationsListView.swift in Sources */ = {isa = PBXBuildFile; fileRef = FD244FF928D1A8FA00D5C593 /* LocationsListView.swift */; };
		FD244FFC28D1A90E00D5C593 /* LocationPreviewView.swift in Sources */ = {isa = PBXBuildFile; fileRef = FD244FFB28D1A90E00D5C593 /* LocationPreviewView.swift */; };
		FD244FFE28D1A92200D5C593 /* LocationMapAnnotationView.swift in Sources */ = {isa = PBXBuildFile; fileRef = FD244FFD28D1A92200D5C593 /* LocationMapAnnotationView.swift */; };
		FD24500028D1A93600D5C593 /* LocationDetailView.swift in Sources */ = {isa = PBXBuildFile; fileRef = FD244FFF28D1A93600D5C593 /* LocationDetailView.swift */; };
		FD24500228D1A96C00D5C593 /* DownloadedImage.swift in Sources */ = {isa = PBXBuildFile; fileRef = FD24500128D1A96C00D5C593 /* DownloadedImage.swift */; };
		FD24500428D1A9E400D5C593 /* NetworkingManager.swift in Sources */ = {isa = PBXBuildFile; fileRef = FD24500328D1A9E400D5C593 /* NetworkingManager.swift */; };
		FD9C39F428D1769A00B97B39 /* BaeksanApp.swift in Sources */ = {isa = PBXBuildFile; fileRef = FD9C39F328D1769A00B97B39 /* BaeksanApp.swift */; };
		FD9C39F628D1769A00B97B39 /* ContentView.swift in Sources */ = {isa = PBXBuildFile; fileRef = FD9C39F528D1769A00B97B39 /* ContentView.swift */; };
		FD9C39F828D1769B00B97B39 /* Assets.xcassets in Resources */ = {isa = PBXBuildFile; fileRef = FD9C39F728D1769B00B97B39 /* Assets.xcassets */; };
		FD9C39FB28D1769B00B97B39 /* Preview Assets.xcassets in Resources */ = {isa = PBXBuildFile; fileRef = FD9C39FA28D1769B00B97B39 /* Preview Assets.xcassets */; };
		FD9C3A0328D1789600B97B39 /* Mountain.swift in Sources */ = {isa = PBXBuildFile; fileRef = FD9C3A0228D1789600B97B39 /* Mountain.swift */; };
		FDE2D58128D94CE700B00312 /* ButtonView.swift in Sources */ = {isa = PBXBuildFile; fileRef = FDE2D58028D94CE700B00312 /* ButtonView.swift */; };
		FDE2D58528D9555D00B00312 /* VisitedLocationAnnotaionView.swift in Sources */ = {isa = PBXBuildFile; fileRef = FDE2D58428D9555D00B00312 /* VisitedLocationAnnotaionView.swift */; };
/* End PBXBuildFile section */

/* Begin PBXFileReference section */
		FD244FEB28D17C1800D5C593 /* MountainDataService.swift */ = {isa = PBXFileReference; lastKnownFileType = sourcecode.swift; path = MountainDataService.swift; sourceTree = "<group>"; };
		FD244FED28D17C7F00D5C593 /* LocationsViewModel.swift */ = {isa = PBXFileReference; lastKnownFileType = sourcecode.swift; path = LocationsViewModel.swift; sourceTree = "<group>"; };
		FD244FF128D18FE400D5C593 /* mountainData.json */ = {isa = PBXFileReference; fileEncoding = 4; lastKnownFileType = text.json; path = mountainData.json; sourceTree = "<group>"; };
		FD244FF728D1A8E300D5C593 /* LocationView.swift */ = {isa = PBXFileReference; lastKnownFileType = sourcecode.swift; path = LocationView.swift; sourceTree = "<group>"; };
		FD244FF928D1A8FA00D5C593 /* LocationsListView.swift */ = {isa = PBXFileReference; lastKnownFileType = sourcecode.swift; path = LocationsListView.swift; sourceTree = "<group>"; };
		FD244FFB28D1A90E00D5C593 /* LocationPreviewView.swift */ = {isa = PBXFileReference; lastKnownFileType = sourcecode.swift; path = LocationPreviewView.swift; sourceTree = "<group>"; };
		FD244FFD28D1A92200D5C593 /* LocationMapAnnotationView.swift */ = {isa = PBXFileReference; lastKnownFileType = sourcecode.swift; path = LocationMapAnnotationView.swift; sourceTree = "<group>"; };
		FD244FFF28D1A93600D5C593 /* LocationDetailView.swift */ = {isa = PBXFileReference; lastKnownFileType = sourcecode.swift; path = LocationDetailView.swift; sourceTree = "<group>"; };
		FD24500128D1A96C00D5C593 /* DownloadedImage.swift */ = {isa = PBXFileReference; lastKnownFileType = sourcecode.swift; path = DownloadedImage.swift; sourceTree = "<group>"; };
		FD24500328D1A9E400D5C593 /* NetworkingManager.swift */ = {isa = PBXFileReference; lastKnownFileType = sourcecode.swift; path = NetworkingManager.swift; sourceTree = "<group>"; };
		FD9C39F028D1769A00B97B39 /* Baeksan.app */ = {isa = PBXFileReference; explicitFileType = wrapper.application; includeInIndex = 0; path = Baeksan.app; sourceTree = BUILT_PRODUCTS_DIR; };
		FD9C39F328D1769A00B97B39 /* BaeksanApp.swift */ = {isa = PBXFileReference; lastKnownFileType = sourcecode.swift; path = BaeksanApp.swift; sourceTree = "<group>"; };
		FD9C39F528D1769A00B97B39 /* ContentView.swift */ = {isa = PBXFileReference; lastKnownFileType = sourcecode.swift; path = ContentView.swift; sourceTree = "<group>"; };
		FD9C39F728D1769B00B97B39 /* Assets.xcassets */ = {isa = PBXFileReference; lastKnownFileType = folder.assetcatalog; path = Assets.xcassets; sourceTree = "<group>"; };
		FD9C39FA28D1769B00B97B39 /* Preview Assets.xcassets */ = {isa = PBXFileReference; lastKnownFileType = folder.assetcatalog; path = "Preview Assets.xcassets"; sourceTree = "<group>"; };
		FD9C3A0228D1789600B97B39 /* Mountain.swift */ = {isa = PBXFileReference; lastKnownFileType = sourcecode.swift; path = Mountain.swift; sourceTree = "<group>"; };
		FDE2D58028D94CE700B00312 /* ButtonView.swift */ = {isa = PBXFileReference; lastKnownFileType = sourcecode.swift; path = ButtonView.swift; sourceTree = "<group>"; };
		FDE2D58428D9555D00B00312 /* VisitedLocationAnnotaionView.swift */ = {isa = PBXFileReference; fileEncoding = 4; lastKnownFileType = sourcecode.swift; path = VisitedLocationAnnotaionView.swift; sourceTree = "<group>"; };
/* End PBXFileReference section */

/* Begin PBXFrameworksBuildPhase section */
		FD9C39ED28D1769A00B97B39 /* Frameworks */ = {
			isa = PBXFrameworksBuildPhase;
			buildActionMask = 2147483647;
			files = (
			);
			runOnlyForDeploymentPostprocessing = 0;
		};
/* End PBXFrameworksBuildPhase section */

/* Begin PBXGroup section */
		FD244FDF28D17A7B00D5C593 /* Models */ = {
			isa = PBXGroup;
			children = (
				FD9C3A0228D1789600B97B39 /* Mountain.swift */,
				FD24500128D1A96C00D5C593 /* DownloadedImage.swift */,
			);
			path = Models;
			sourceTree = "<group>";
		};
		FD244FE228D17B6800D5C593 /* Views */ = {
			isa = PBXGroup;
			children = (
				FD244FF728D1A8E300D5C593 /* LocationView.swift */,
				FD244FF928D1A8FA00D5C593 /* LocationsListView.swift */,
				FD244FFB28D1A90E00D5C593 /* LocationPreviewView.swift */,
				FD244FFD28D1A92200D5C593 /* LocationMapAnnotationView.swift */,
				FD244FFF28D1A93600D5C593 /* LocationDetailView.swift */,
				FDE2D58028D94CE700B00312 /* ButtonView.swift */,
				FDE2D58428D9555D00B00312 /* VisitedLocationAnnotaionView.swift */,
			);
			path = Views;
			sourceTree = "<group>";
		};
		FD244FE328D17B7700D5C593 /* ViewModels */ = {
			isa = PBXGroup;
			children = (
				FD244FED28D17C7F00D5C593 /* LocationsViewModel.swift */,
			);
			path = ViewModels;
			sourceTree = "<group>";
		};
		FD244FE428D17B9A00D5C593 /* DataServices */ = {
			isa = PBXGroup;
			children = (
				FD244FEB28D17C1800D5C593 /* MountainDataService.swift */,
			);
			path = DataServices;
			sourceTree = "<group>";
		};
		FD9C39E728D1769A00B97B39 = {
			isa = PBXGroup;
			children = (
				FD9C39F228D1769A00B97B39 /* Baeksan */,
				FD9C39F128D1769A00B97B39 /* Products */,
			);
			sourceTree = "<group>";
		};
		FD9C39F128D1769A00B97B39 /* Products */ = {
			isa = PBXGroup;
			children = (
				FD9C39F028D1769A00B97B39 /* Baeksan.app */,
			);
			name = Products;
			sourceTree = "<group>";
		};
		FD9C39F228D1769A00B97B39 /* Baeksan */ = {
			isa = PBXGroup;
			children = (
				FD9C39F328D1769A00B97B39 /* BaeksanApp.swift */,
				FD9C39F528D1769A00B97B39 /* ContentView.swift */,
				FD9C39F728D1769B00B97B39 /* Assets.xcassets */,
				FD244FF128D18FE400D5C593 /* mountainData.json */,
				FD9C39F928D1769B00B97B39 /* Preview Content */,
				FD244FE428D17B9A00D5C593 /* DataServices */,
				FD244FDF28D17A7B00D5C593 /* Models */,
				FD244FE228D17B6800D5C593 /* Views */,
				FD244FE328D17B7700D5C593 /* ViewModels */,
				FD24500328D1A9E400D5C593 /* NetworkingManager.swift */,
			);
			path = Baeksan;
			sourceTree = "<group>";
		};
		FD9C39F928D1769B00B97B39 /* Preview Content */ = {
			isa = PBXGroup;
			children = (
				FD9C39FA28D1769B00B97B39 /* Preview Assets.xcassets */,
			);
			path = "Preview Content";
			sourceTree = "<group>";
		};
/* End PBXGroup section */

/* Begin PBXNativeTarget section */
		FD9C39EF28D1769A00B97B39 /* Baeksan */ = {
			isa = PBXNativeTarget;
			buildConfigurationList = FD9C39FE28D1769B00B97B39 /* Build configuration list for PBXNativeTarget "Baeksan" */;
			buildPhases = (
				FD9C39EC28D1769A00B97B39 /* Sources */,
				FD9C39ED28D1769A00B97B39 /* Frameworks */,
				FD9C39EE28D1769A00B97B39 /* Resources */,
			);
			buildRules = (
			);
			dependencies = (
			);
			name = Baeksan;
			productName = Baeksan;
			productReference = FD9C39F028D1769A00B97B39 /* Baeksan.app */;
			productType = "com.apple.product-type.application";
		};
/* End PBXNativeTarget section */

/* Begin PBXProject section */
		FD9C39E828D1769A00B97B39 /* Project object */ = {
			isa = PBXProject;
			attributes = {
				BuildIndependentTargetsInParallel = 1;
				LastSwiftUpdateCheck = 1340;
				LastUpgradeCheck = 1340;
				TargetAttributes = {
					FD9C39EF28D1769A00B97B39 = {
						CreatedOnToolsVersion = 13.4.1;
					};
				};
			};
			buildConfigurationList = FD9C39EB28D1769A00B97B39 /* Build configuration list for PBXProject "Baeksan" */;
			compatibilityVersion = "Xcode 13.0";
			developmentRegion = en;
			hasScannedForEncodings = 0;
			knownRegions = (
				en,
				Base,
			);
			mainGroup = FD9C39E728D1769A00B97B39;
			productRefGroup = FD9C39F128D1769A00B97B39 /* Products */;
			projectDirPath = "";
			projectRoot = "";
			targets = (
				FD9C39EF28D1769A00B97B39 /* Baeksan */,
			);
		};
/* End PBXProject section */

/* Begin PBXResourcesBuildPhase section */
		FD9C39EE28D1769A00B97B39 /* Resources */ = {
			isa = PBXResourcesBuildPhase;
			buildActionMask = 2147483647;
			files = (
				FD9C39FB28D1769B00B97B39 /* Preview Assets.xcassets in Resources */,
				FD244FF228D18FE400D5C593 /* mountainData.json in Resources */,
				FD9C39F828D1769B00B97B39 /* Assets.xcassets in Resources */,
			);
			runOnlyForDeploymentPostprocessing = 0;
		};
/* End PBXResourcesBuildPhase section */

/* Begin PBXSourcesBuildPhase section */
		FD9C39EC28D1769A00B97B39 /* Sources */ = {
			isa = PBXSourcesBuildPhase;
			buildActionMask = 2147483647;
			files = (
				FD9C39F628D1769A00B97B39 /* ContentView.swift in Sources */,
				FD244FEE28D17C7F00D5C593 /* LocationsViewModel.swift in Sources */,
				FD9C3A0328D1789600B97B39 /* Mountain.swift in Sources */,
				FD24500428D1A9E400D5C593 /* NetworkingManager.swift in Sources */,
				FD9C39F428D1769A00B97B39 /* BaeksanApp.swift in Sources */,
				FD244FEC28D17C1800D5C593 /* MountainDataService.swift in Sources */,
				FDE2D58528D9555D00B00312 /* VisitedLocationAnnotaionView.swift in Sources */,
				FD244FFA28D1A8FA00D5C593 /* LocationsListView.swift in Sources */,
				FD24500228D1A96C00D5C593 /* DownloadedImage.swift in Sources */,
				FD244FFE28D1A92200D5C593 /* LocationMapAnnotationView.swift in Sources */,
				FDE2D58128D94CE700B00312 /* ButtonView.swift in Sources */,
				FD244FF828D1A8E300D5C593 /* LocationView.swift in Sources */,
				FD24500028D1A93600D5C593 /* LocationDetailView.swift in Sources */,
				FD244FFC28D1A90E00D5C593 /* LocationPreviewView.swift in Sources */,
			);
			runOnlyForDeploymentPostprocessing = 0;
		};
/* End PBXSourcesBuildPhase section */

/* Begin XCBuildConfiguration section */
		FD9C39FC28D1769B00B97B39 /* Debug */ = {
			isa = XCBuildConfiguration;
			buildSettings = {
				ALWAYS_SEARCH_USER_PATHS = NO;
				CLANG_ANALYZER_NONNULL = YES;
				CLANG_ANALYZER_NUMBER_OBJECT_CONVERSION = YES_AGGRESSIVE;
				CLANG_CXX_LANGUAGE_STANDARD = "gnu++17";
				CLANG_ENABLE_MODULES = YES;
				CLANG_ENABLE_OBJC_ARC = YES;
				CLANG_ENABLE_OBJC_WEAK = YES;
				CLANG_WARN_BLOCK_CAPTURE_AUTORELEASING = YES;
				CLANG_WARN_BOOL_CONVERSION = YES;
				CLANG_WARN_COMMA = YES;
				CLANG_WARN_CONSTANT_CONVERSION = YES;
				CLANG_WARN_DEPRECATED_OBJC_IMPLEMENTATIONS = YES;
				CLANG_WARN_DIRECT_OBJC_ISA_USAGE = YES_ERROR;
				CLANG_WARN_DOCUMENTATION_COMMENTS = YES;
				CLANG_WARN_EMPTY_BODY = YES;
				CLANG_WARN_ENUM_CONVERSION = YES;
				CLANG_WARN_INFINITE_RECURSION = YES;
				CLANG_WARN_INT_CONVERSION = YES;
				CLANG_WARN_NON_LITERAL_NULL_CONVERSION = YES;
				CLANG_WARN_OBJC_IMPLICIT_RETAIN_SELF = YES;
				CLANG_WARN_OBJC_LITERAL_CONVERSION = YES;
				CLANG_WARN_OBJC_ROOT_CLASS = YES_ERROR;
				CLANG_WARN_QUOTED_INCLUDE_IN_FRAMEWORK_HEADER = YES;
				CLANG_WARN_RANGE_LOOP_ANALYSIS = YES;
				CLANG_WARN_STRICT_PROTOTYPES = YES;
				CLANG_WARN_SUSPICIOUS_MOVE = YES;
				CLANG_WARN_UNGUARDED_AVAILABILITY = YES_AGGRESSIVE;
				CLANG_WARN_UNREACHABLE_CODE = YES;
				CLANG_WARN__DUPLICATE_METHOD_MATCH = YES;
				COPY_PHASE_STRIP = NO;
				DEBUG_INFORMATION_FORMAT = dwarf;
				ENABLE_STRICT_OBJC_MSGSEND = YES;
				ENABLE_TESTABILITY = YES;
				GCC_C_LANGUAGE_STANDARD = gnu11;
				GCC_DYNAMIC_NO_PIC = NO;
				GCC_NO_COMMON_BLOCKS = YES;
				GCC_OPTIMIZATION_LEVEL = 0;
				GCC_PREPROCESSOR_DEFINITIONS = (
					"DEBUG=1",
					"$(inherited)",
				);
				GCC_WARN_64_TO_32_BIT_CONVERSION = YES;
				GCC_WARN_ABOUT_RETURN_TYPE = YES_ERROR;
				GCC_WARN_UNDECLARED_SELECTOR = YES;
				GCC_WARN_UNINITIALIZED_AUTOS = YES_AGGRESSIVE;
				GCC_WARN_UNUSED_FUNCTION = YES;
				GCC_WARN_UNUSED_VARIABLE = YES;
				IPHONEOS_DEPLOYMENT_TARGET = 15.5;
				MTL_ENABLE_DEBUG_INFO = INCLUDE_SOURCE;
				MTL_FAST_MATH = YES;
				ONLY_ACTIVE_ARCH = YES;
				SDKROOT = iphoneos;
				SWIFT_ACTIVE_COMPILATION_CONDITIONS = DEBUG;
				SWIFT_OPTIMIZATION_LEVEL = "-Onone";
			};
			name = Debug;
		};
		FD9C39FD28D1769B00B97B39 /* Release */ = {
			isa = XCBuildConfiguration;
			buildSettings = {
				ALWAYS_SEARCH_USER_PATHS = NO;
				CLANG_ANALYZER_NONNULL = YES;
				CLANG_ANALYZER_NUMBER_OBJECT_CONVERSION = YES_AGGRESSIVE;
				CLANG_CXX_LANGUAGE_STANDARD = "gnu++17";
				CLANG_ENABLE_MODULES = YES;
				CLANG_ENABLE_OBJC_ARC = YES;
				CLANG_ENABLE_OBJC_WEAK = YES;
				CLANG_WARN_BLOCK_CAPTURE_AUTORELEASING = YES;
				CLANG_WARN_BOOL_CONVERSION = YES;
				CLANG_WARN_COMMA = YES;
				CLANG_WARN_CONSTANT_CONVERSION = YES;
				CLANG_WARN_DEPRECATED_OBJC_IMPLEMENTATIONS = YES;
				CLANG_WARN_DIRECT_OBJC_ISA_USAGE = YES_ERROR;
				CLANG_WARN_DOCUMENTATION_COMMENTS = YES;
				CLANG_WARN_EMPTY_BODY = YES;
				CLANG_WARN_ENUM_CONVERSION = YES;
				CLANG_WARN_INFINITE_RECURSION = YES;
				CLANG_WARN_INT_CONVERSION = YES;
				CLANG_WARN_NON_LITERAL_NULL_CONVERSION = YES;
				CLANG_WARN_OBJC_IMPLICIT_RETAIN_SELF = YES;
				CLANG_WARN_OBJC_LITERAL_CONVERSION = YES;
				CLANG_WARN_OBJC_ROOT_CLASS = YES_ERROR;
				CLANG_WARN_QUOTED_INCLUDE_IN_FRAMEWORK_HEADER = YES;
				CLANG_WARN_RANGE_LOOP_ANALYSIS = YES;
				CLANG_WARN_STRICT_PROTOTYPES = YES;
				CLANG_WARN_SUSPICIOUS_MOVE = YES;
				CLANG_WARN_UNGUARDED_AVAILABILITY = YES_AGGRESSIVE;
				CLANG_WARN_UNREACHABLE_CODE = YES;
				CLANG_WARN__DUPLICATE_METHOD_MATCH = YES;
				COPY_PHASE_STRIP = NO;
				DEBUG_INFORMATION_FORMAT = "dwarf-with-dsym";
				ENABLE_NS_ASSERTIONS = NO;
				ENABLE_STRICT_OBJC_MSGSEND = YES;
				GCC_C_LANGUAGE_STANDARD = gnu11;
				GCC_NO_COMMON_BLOCKS = YES;
				GCC_WARN_64_TO_32_BIT_CONVERSION = YES;
				GCC_WARN_ABOUT_RETURN_TYPE = YES_ERROR;
				GCC_WARN_UNDECLARED_SELECTOR = YES;
				GCC_WARN_UNINITIALIZED_AUTOS = YES_AGGRESSIVE;
				GCC_WARN_UNUSED_FUNCTION = YES;
				GCC_WARN_UNUSED_VARIABLE = YES;
				IPHONEOS_DEPLOYMENT_TARGET = 15.5;
				MTL_ENABLE_DEBUG_INFO = NO;
				MTL_FAST_MATH = YES;
				SDKROOT = iphoneos;
				SWIFT_COMPILATION_MODE = wholemodule;
				SWIFT_OPTIMIZATION_LEVEL = "-O";
				VALIDATE_PRODUCT = YES;
			};
			name = Release;
		};
		FD9C39FF28D1769B00B97B39 /* Debug */ = {
			isa = XCBuildConfiguration;
			buildSettings = {
				ASSETCATALOG_COMPILER_APPICON_NAME = "AppIcon-1";
				ASSETCATALOG_COMPILER_GLOBAL_ACCENT_COLOR_NAME = AccentColor;
				CODE_SIGN_STYLE = Automatic;
				CURRENT_PROJECT_VERSION = 1;
				DEVELOPMENT_ASSET_PATHS = "\"Baeksan/Preview Content\"";
				DEVELOPMENT_TEAM = 4K2FDLWHBL;
				ENABLE_PREVIEWS = YES;
				GENERATE_INFOPLIST_FILE = YES;
				INFOPLIST_KEY_UIApplicationSceneManifest_Generation = YES;
				INFOPLIST_KEY_UIApplicationSupportsIndirectInputEvents = YES;
				INFOPLIST_KEY_UILaunchScreen_Generation = YES;
				INFOPLIST_KEY_UISupportedInterfaceOrientations_iPad = "UIInterfaceOrientationPortrait UIInterfaceOrientationPortraitUpsideDown UIInterfaceOrientationLandscapeLeft UIInterfaceOrientationLandscapeRight";
				INFOPLIST_KEY_UISupportedInterfaceOrientations_iPhone = "UIInterfaceOrientationPortrait UIInterfaceOrientationLandscapeLeft UIInterfaceOrientationLandscapeRight";
				LD_RUNPATH_SEARCH_PATHS = (
					"$(inherited)",
					"@executable_path/Frameworks",
				);
				MARKETING_VERSION = 1.0;
				PRODUCT_BUNDLE_IDENTIFIER = io.MinssonTottalE.Baeksan;
				PRODUCT_NAME = "$(TARGET_NAME)";
				SWIFT_EMIT_LOC_STRINGS = YES;
				SWIFT_VERSION = 5.0;
				TARGETED_DEVICE_FAMILY = "1,2";
			};
			name = Debug;
		};
		FD9C3A0028D1769B00B97B39 /* Release */ = {
			isa = XCBuildConfiguration;
			buildSettings = {
				ASSETCATALOG_COMPILER_APPICON_NAME = "AppIcon-1";
				ASSETCATALOG_COMPILER_GLOBAL_ACCENT_COLOR_NAME = AccentColor;
				CODE_SIGN_STYLE = Automatic;
				CURRENT_PROJECT_VERSION = 1;
				DEVELOPMENT_ASSET_PATHS = "\"Baeksan/Preview Content\"";
				DEVELOPMENT_TEAM = 4K2FDLWHBL;
				ENABLE_PREVIEWS = YES;
				GENERATE_INFOPLIST_FILE = YES;
				INFOPLIST_KEY_UIApplicationSceneManifest_Generation = YES;
				INFOPLIST_KEY_UIApplicationSupportsIndirectInputEvents = YES;
				INFOPLIST_KEY_UILaunchScreen_Generation = YES;
				INFOPLIST_KEY_UISupportedInterfaceOrientations_iPad = "UIInterfaceOrientationPortrait UIInterfaceOrientationPortraitUpsideDown UIInterfaceOrientationLandscapeLeft UIInterfaceOrientationLandscapeRight";
				INFOPLIST_KEY_UISupportedInterfaceOrientations_iPhone = "UIInterfaceOrientationPortrait UIInterfaceOrientationLandscapeLeft UIInterfaceOrientationLandscapeRight";
				LD_RUNPATH_SEARCH_PATHS = (
					"$(inherited)",
					"@executable_path/Frameworks",
				);
				MARKETING_VERSION = 1.0;
				PRODUCT_BUNDLE_IDENTIFIER = io.MinssonTottalE.Baeksan;
				PRODUCT_NAME = "$(TARGET_NAME)";
				SWIFT_EMIT_LOC_STRINGS = YES;
				SWIFT_VERSION = 5.0;
				TARGETED_DEVICE_FAMILY = "1,2";
			};
			name = Release;
		};
/* End XCBuildConfiguration section */

/* Begin XCConfigurationList section */
		FD9C39EB28D1769A00B97B39 /* Build configuration list for PBXProject "Baeksan" */ = {
			isa = XCConfigurationList;
			buildConfigurations = (
				FD9C39FC28D1769B00B97B39 /* Debug */,
				FD9C39FD28D1769B00B97B39 /* Release */,
			);
			defaultConfigurationIsVisible = 0;
			defaultConfigurationName = Release;
		};
		FD9C39FE28D1769B00B97B39 /* Build configuration list for PBXNativeTarget "Baeksan" */ = {
			isa = XCConfigurationList;
			buildConfigurations = (
				FD9C39FF28D1769B00B97B39 /* Debug */,
				FD9C3A0028D1769B00B97B39 /* Release */,
			);
			defaultConfigurationIsVisible = 0;
			defaultConfigurationName = Release;
		};
/* End XCConfigurationList section */
	};
	rootObject = FD9C39E828D1769A00B97B39 /* Project object */;
}
